
Microsoft Visual Studio Solution File, Format Version 12.00
# Visual Studio Version 17
VisualStudioVersion = 17.7.34202.233
MinimumVisualStudioVersion = 10.0.40219.1
Project("{2150E333-8FDC-42A3-9474-1A3956D46DE8}") = "01Kintamieji", "01Kintamieji", "{3BA942ED-5E9D-41E4-93DB-589FD538D2D4}"
EndProject
Project("{FAE04EC0-301F-11D3-BF4B-00C04F79EFBC}") = "Kintamieji", "Kintamieji\Kintamieji.csproj", "{8AAF6768-A421-4876-B34C-E0BF6735D92E}"
EndProject
Project("{2150E333-8FDC-42A3-9474-1A3956D46DE8}") = "02Isvedimas", "02Isvedimas", "{9AD14EC7-F472-4F31-93C1-4EEE07BC4A02}"
EndProject
Project("{FAE04EC0-301F-11D3-BF4B-00C04F79EFBC}") = "Isvedimas", "Isvedimas\Isvedimas.csproj", "{044484CF-FA82-49C9-9B61-6F3A276FFC5A}"
EndProject
Global
	GlobalSection(SolutionConfigurationPlatforms) = preSolution
		Debug|Any CPU = Debug|Any CPU
		Release|Any CPU = Release|Any CPU
	EndGlobalSection
	GlobalSection(ProjectConfigurationPlatforms) = postSolution
		{8AAF6768-A421-4876-B34C-E0BF6735D92E}.Debug|Any CPU.ActiveCfg = Debug|Any CPU
		{8AAF6768-A421-4876-B34C-E0BF6735D92E}.Debug|Any CPU.Build.0 = Debug|Any CPU
		{8AAF6768-A421-4876-B34C-E0BF6735D92E}.Release|Any CPU.ActiveCfg = Release|Any CPU
		{8AAF6768-A421-4876-B34C-E0BF6735D92E}.Release|Any CPU.Build.0 = Release|Any CPU
		{044484CF-FA82-49C9-9B61-6F3A276FFC5A}.Debug|Any CPU.ActiveCfg = Debug|Any CPU
		{044484CF-FA82-49C9-9B61-6F3A276FFC5A}.Debug|Any CPU.Build.0 = Debug|Any CPU
		{044484CF-FA82-49C9-9B61-6F3A276FFC5A}.Release|Any CPU.ActiveCfg = Release|Any CPU
		{044484CF-FA82-49C9-9B61-6F3A276FFC5A}.Release|Any CPU.Build.0 = Release|Any CPU
	EndGlobalSection
	GlobalSection(SolutionProperties) = preSolution
		HideSolutionNode = FALSE
	EndGlobalSection
	GlobalSection(NestedProjects) = preSolution
		{8AAF6768-A421-4876-B34C-E0BF6735D92E} = {3BA942ED-5E9D-41E4-93DB-589FD538D2D4}
		{044484CF-FA82-49C9-9B61-6F3A276FFC5A} = {9AD14EC7-F472-4F31-93C1-4EEE07BC4A02}
	EndGlobalSection
	GlobalSection(ExtensibilityGlobals) = postSolution
		SolutionGuid = {562F9B04-2790-425D-8790-4DE8FFF4CCE2}
	EndGlobalSection
EndGlobal
